
Microsoft Visual Studio Solution File, Format Version 12.00
# Visual Studio Version 16
VisualStudioVersion = 16.0.30413.136
MinimumVisualStudioVersion = 10.0.40219.1
Project("{FAE04EC0-301F-11D3-BF4B-00C04F79EFBC}") = "Week5Day1HW", "Week5Day1HW\Week5Day1HW.csproj", "{B7E49B71-38AF-42E0-8C7C-68945A99D860}"
EndProject
Global
	GlobalSection(SolutionConfigurationPlatforms) = preSolution
		Debug|Any CPU = Debug|Any CPU
		Release|Any CPU = Release|Any CPU
	EndGlobalSection
	GlobalSection(ProjectConfigurationPlatforms) = postSolution
		{B7E49B71-38AF-42E0-8C7C-68945A99D860}.Debug|Any CPU.ActiveCfg = Debug|Any CPU
		{B7E49B71-38AF-42E0-8C7C-68945A99D860}.Debug|Any CPU.Build.0 = Debug|Any CPU
		{B7E49B71-38AF-42E0-8C7C-68945A99D860}.Release|Any CPU.ActiveCfg = Release|Any CPU
		{B7E49B71-38AF-42E0-8C7C-68945A99D860}.Release|Any CPU.Build.0 = Release|Any CPU
	EndGlobalSection
	GlobalSection(SolutionProperties) = preSolution
		HideSolutionNode = FALSE
	EndGlobalSection
	GlobalSection(ExtensibilityGlobals) = postSolution
		SolutionGuid = {B57624A7-B862-421A-9344-2721849AC725}
	EndGlobalSection
EndGlobal
